
Microsoft Visual Studio Solution File, Format Version 12.00
# Visual Studio Version 16
VisualStudioVersion = 16.0.29911.84
MinimumVisualStudioVersion = 10.0.40219.1
Project("{FAE04EC0-301F-11D3-BF4B-00C04F79EFBC}") = "ABCEventManagementSystem", "ABCEventManagementSystem\ABCEventManagementSystem.csproj", "{0BB7EAFF-1235-486D-86C6-FE7AF65DCFEC}"
EndProject
Global
	GlobalSection(SolutionConfigurationPlatforms) = preSolution
		Debug|Any CPU = Debug|Any CPU
		Release|Any CPU = Release|Any CPU
	EndGlobalSection
	GlobalSection(ProjectConfigurationPlatforms) = postSolution
		{0BB7EAFF-1235-486D-86C6-FE7AF65DCFEC}.Debug|Any CPU.ActiveCfg = Debug|Any CPU
		{0BB7EAFF-1235-486D-86C6-FE7AF65DCFEC}.Debug|Any CPU.Build.0 = Debug|Any CPU
		{0BB7EAFF-1235-486D-86C6-FE7AF65DCFEC}.Release|Any CPU.ActiveCfg = Release|Any CPU
		{0BB7EAFF-1235-486D-86C6-FE7AF65DCFEC}.Release|Any CPU.Build.0 = Release|Any CPU
	EndGlobalSection
	GlobalSection(SolutionProperties) = preSolution
		HideSolutionNode = FALSE
	EndGlobalSection
	GlobalSection(ExtensibilityGlobals) = postSolution
		SolutionGuid = {AFFE2534-9059-4EED-BB16-ECB342199562}
	EndGlobalSection
EndGlobal
